
Microsoft Visual Studio Solution File, Format Version 12.00
# Visual Studio Version 17
VisualStudioVersion = 17.4.33205.214
MinimumVisualStudioVersion = 10.0.40219.1
Project("{FAE04EC0-301F-11D3-BF4B-00C04F79EFBC}") = "cum", "cum\cum.csproj", "{838571C3-8810-4508-B909-05F428E6819E}"
EndProject
Global
	GlobalSection(SolutionConfigurationPlatforms) = preSolution
		Debug|Any CPU = Debug|Any CPU
		Release|Any CPU = Release|Any CPU
	EndGlobalSection
	GlobalSection(ProjectConfigurationPlatforms) = postSolution
		{838571C3-8810-4508-B909-05F428E6819E}.Debug|Any CPU.ActiveCfg = Debug|Any CPU
		{838571C3-8810-4508-B909-05F428E6819E}.Debug|Any CPU.Build.0 = Debug|Any CPU
		{838571C3-8810-4508-B909-05F428E6819E}.Release|Any CPU.ActiveCfg = Release|Any CPU
		{838571C3-8810-4508-B909-05F428E6819E}.Release|Any CPU.Build.0 = Release|Any CPU
	EndGlobalSection
	GlobalSection(SolutionProperties) = preSolution
		HideSolutionNode = FALSE
	EndGlobalSection
	GlobalSection(ExtensibilityGlobals) = postSolution
		SolutionGuid = {16C8C534-5815-4D1D-89CB-AAADE4E7DDE7}
	EndGlobalSection
EndGlobal
